
Microsoft Visual Studio Solution File, Format Version 12.00
# Visual Studio Version 16
VisualStudioVersion = 16.0.29215.179
MinimumVisualStudioVersion = 10.0.40219.1
Project("{9A19103F-16F7-4668-BE54-9A1E7A4F7556}") = "ChatApp", "ChatApp\ChatApp.csproj", "{8EE6B7C3-E2D1-425D-B98F-0AC8AFCBDE33}"
EndProject
Global
	GlobalSection(SolutionConfigurationPlatforms) = preSolution
		Debug|Any CPU = Debug|Any CPU
		Release|Any CPU = Release|Any CPU
	EndGlobalSection
	GlobalSection(ProjectConfigurationPlatforms) = postSolution
		{8EE6B7C3-E2D1-425D-B98F-0AC8AFCBDE33}.Debug|Any CPU.ActiveCfg = Debug|Any CPU
		{8EE6B7C3-E2D1-425D-B98F-0AC8AFCBDE33}.Debug|Any CPU.Build.0 = Debug|Any CPU
		{8EE6B7C3-E2D1-425D-B98F-0AC8AFCBDE33}.Release|Any CPU.ActiveCfg = Release|Any CPU
		{8EE6B7C3-E2D1-425D-B98F-0AC8AFCBDE33}.Release|Any CPU.Build.0 = Release|Any CPU
	EndGlobalSection
	GlobalSection(SolutionProperties) = preSolution
		HideSolutionNode = FALSE
	EndGlobalSection
	GlobalSection(ExtensibilityGlobals) = postSolution
		SolutionGuid = {E4473755-8067-4E83-8CF0-B70A4D633839}
	EndGlobalSection
EndGlobal
